// !$*UTF8*$!
{
	archiveVersion = 1;
	classes = {
	};
	objectVersion = 46;
	objects = {

/* Begin PBXBuildFile section */
		351CA58DF08E43309D0C1A7C /* libPods.a in Frameworks */ = {isa = PBXBuildFile; fileRef = 4F63DF7AE63C4BFF97E85379 /* libPods.a */; };
		9395B6AD14EB88A8002999D9 /* QuartzCore.framework in Frameworks */ = {isa = PBXBuildFile; fileRef = 9395B6AC14EB88A8002999D9 /* QuartzCore.framework */; };
		9395B6B014EB8D91002999D9 /* Podfile in Resources */ = {isa = PBXBuildFile; fileRef = 9395B6AF14EB8D91002999D9 /* Podfile */; };
		9A041EBD14EAEBA2009AC43F /* cover.jpg in Resources */ = {isa = PBXBuildFile; fileRef = 9A041EBC14EAEBA2009AC43F /* cover.jpg */; };
		9A31AA3414EBF3FD00382B2F /* AudioToolbox.framework in Frameworks */ = {isa = PBXBuildFile; fileRef = 9A31AA3314EBF3FD00382B2F /* AudioToolbox.framework */; };
		9A31AA3814EBF49F00382B2F /* metadataRetriever.m in Sources */ = {isa = PBXBuildFile; fileRef = 9A31AA3714EBF49F00382B2F /* metadataRetriever.m */; };
		9AC739D314EAEAB6000A57AD /* Cocoa.framework in Frameworks */ = {isa = PBXBuildFile; fileRef = 9AC739D214EAEAB6000A57AD /* Cocoa.framework */; };
		9AC739DD14EAEAB6000A57AD /* InfoPlist.strings in Resources */ = {isa = PBXBuildFile; fileRef = 9AC739DB14EAEAB6000A57AD /* InfoPlist.strings */; };
		9AC739DF14EAEAB6000A57AD /* main.m in Sources */ = {isa = PBXBuildFile; fileRef = 9AC739DE14EAEAB6000A57AD /* main.m */; };
		9AC739E314EAEAB6000A57AD /* Credits.rtf in Resources */ = {isa = PBXBuildFile; fileRef = 9AC739E114EAEAB6000A57AD /* Credits.rtf */; };
		9AC739E614EAEAB6000A57AD /* AppDelegate.m in Sources */ = {isa = PBXBuildFile; fileRef = 9AC739E514EAEAB6000A57AD /* AppDelegate.m */; };
		9AC739E914EAEAB6000A57AD /* MainMenu.xib in Resources */ = {isa = PBXBuildFile; fileRef = 9AC739E714EAEAB6000A57AD /* MainMenu.xib */; };
/* End PBXBuildFile section */

/* Begin PBXFileReference section */
		4F63DF7AE63C4BFF97E85379 /* libPods.a */ = {isa = PBXFileReference; explicitFileType = archive.ar; includeInIndex = 0; path = libPods.a; sourceTree = BUILT_PRODUCTS_DIR; };
		9395B6AC14EB88A8002999D9 /* QuartzCore.framework */ = {isa = PBXFileReference; lastKnownFileType = wrapper.framework; name = QuartzCore.framework; path = System/Library/Frameworks/QuartzCore.framework; sourceTree = SDKROOT; };
		9395B6AF14EB8D91002999D9 /* Podfile */ = {isa = PBXFileReference; fileEncoding = 4; lastKnownFileType = text; path = Podfile; sourceTree = "<group>"; };
		9A041EBC14EAEBA2009AC43F /* cover.jpg */ = {isa = PBXFileReference; lastKnownFileType = image.jpeg; path = cover.jpg; sourceTree = "<group>"; };
		9A31AA3314EBF3FD00382B2F /* AudioToolbox.framework */ = {isa = PBXFileReference; lastKnownFileType = wrapper.framework; name = AudioToolbox.framework; path = System/Library/Frameworks/AudioToolbox.framework; sourceTree = SDKROOT; };
		9A31AA3614EBF49F00382B2F /* metadataRetriever.h */ = {isa = PBXFileReference; fileEncoding = 4; lastKnownFileType = sourcecode.c.h; path = metadataRetriever.h; sourceTree = "<group>"; };
		9A31AA3714EBF49F00382B2F /* metadataRetriever.m */ = {isa = PBXFileReference; fileEncoding = 4; lastKnownFileType = sourcecode.c.objc; path = metadataRetriever.m; sourceTree = "<group>"; };
		9AC739CE14EAEAB6000A57AD /* Perpetual.app */ = {isa = PBXFileReference; explicitFileType = wrapper.application; includeInIndex = 0; path = Perpetual.app; sourceTree = BUILT_PRODUCTS_DIR; };
		9AC739D214EAEAB6000A57AD /* Cocoa.framework */ = {isa = PBXFileReference; lastKnownFileType = wrapper.framework; name = Cocoa.framework; path = System/Library/Frameworks/Cocoa.framework; sourceTree = SDKROOT; };
		9AC739D514EAEAB6000A57AD /* AppKit.framework */ = {isa = PBXFileReference; lastKnownFileType = wrapper.framework; name = AppKit.framework; path = System/Library/Frameworks/AppKit.framework; sourceTree = SDKROOT; };
		9AC739D614EAEAB6000A57AD /* CoreData.framework */ = {isa = PBXFileReference; lastKnownFileType = wrapper.framework; name = CoreData.framework; path = System/Library/Frameworks/CoreData.framework; sourceTree = SDKROOT; };
		9AC739D714EAEAB6000A57AD /* Foundation.framework */ = {isa = PBXFileReference; lastKnownFileType = wrapper.framework; name = Foundation.framework; path = System/Library/Frameworks/Foundation.framework; sourceTree = SDKROOT; };
		9AC739DA14EAEAB6000A57AD /* Info.plist */ = {isa = PBXFileReference; lastKnownFileType = text.plist.xml; path = Info.plist; sourceTree = "<group>"; };
		9AC739DC14EAEAB6000A57AD /* en */ = {isa = PBXFileReference; lastKnownFileType = text.plist.strings; name = en; path = en.lproj/InfoPlist.strings; sourceTree = "<group>"; };
		9AC739DE14EAEAB6000A57AD /* main.m */ = {isa = PBXFileReference; lastKnownFileType = sourcecode.c.objc; path = main.m; sourceTree = "<group>"; };
		9AC739E014EAEAB6000A57AD /* Prefix.pch */ = {isa = PBXFileReference; lastKnownFileType = sourcecode.c.h; path = Prefix.pch; sourceTree = "<group>"; };
		9AC739E214EAEAB6000A57AD /* en */ = {isa = PBXFileReference; lastKnownFileType = text.rtf; name = en; path = en.lproj/Credits.rtf; sourceTree = "<group>"; };
		9AC739E414EAEAB6000A57AD /* AppDelegate.h */ = {isa = PBXFileReference; lastKnownFileType = sourcecode.c.h; path = AppDelegate.h; sourceTree = "<group>"; };
		9AC739E514EAEAB6000A57AD /* AppDelegate.m */ = {isa = PBXFileReference; lastKnownFileType = sourcecode.c.objc; path = AppDelegate.m; sourceTree = "<group>"; };
		9AC739E814EAEAB6000A57AD /* en */ = {isa = PBXFileReference; lastKnownFileType = file.xib; name = en; path = en.lproj/MainMenu.xib; sourceTree = "<group>"; };
		DDB3CDEF03204F9F8C7160C4 /* Pods.xcconfig */ = {isa = PBXFileReference; lastKnownFileType = text.xcconfig; name = Pods.xcconfig; path = Pods/Pods.xcconfig; sourceTree = SOURCE_ROOT; };
/* End PBXFileReference section */

/* Begin PBXFrameworksBuildPhase section */
		9AC739CB14EAEAB6000A57AD /* Frameworks */ = {
			isa = PBXFrameworksBuildPhase;
			buildActionMask = 2147483647;
			files = (
				9A31AA3414EBF3FD00382B2F /* AudioToolbox.framework in Frameworks */,
				9395B6AD14EB88A8002999D9 /* QuartzCore.framework in Frameworks */,
				9AC739D314EAEAB6000A57AD /* Cocoa.framework in Frameworks */,
				351CA58DF08E43309D0C1A7C /* libPods.a in Frameworks */,
			);
			runOnlyForDeploymentPostprocessing = 0;
		};
/* End PBXFrameworksBuildPhase section */

/* Begin PBXGroup section */
		9AC739C314EAEAB6000A57AD = {
			isa = PBXGroup;
			children = (
				9A31AA3314EBF3FD00382B2F /* AudioToolbox.framework */,
				9395B6AC14EB88A8002999D9 /* QuartzCore.framework */,
				9AC739D814EAEAB6000A57AD /* Perpetual */,
				9AC739D114EAEAB6000A57AD /* Frameworks */,
				9AC739CF14EAEAB6000A57AD /* Products */,
				DDB3CDEF03204F9F8C7160C4 /* Pods.xcconfig */,
			);
			sourceTree = "<group>";
		};
		9AC739CF14EAEAB6000A57AD /* Products */ = {
			isa = PBXGroup;
			children = (
				9AC739CE14EAEAB6000A57AD /* Perpetual.app */,
			);
			name = Products;
			sourceTree = "<group>";
		};
		9AC739D114EAEAB6000A57AD /* Frameworks */ = {
			isa = PBXGroup;
			children = (
				9AC739D214EAEAB6000A57AD /* Cocoa.framework */,
				9AC739D414EAEAB6000A57AD /* Other Frameworks */,
				4F63DF7AE63C4BFF97E85379 /* libPods.a */,
			);
			name = Frameworks;
			sourceTree = "<group>";
		};
		9AC739D414EAEAB6000A57AD /* Other Frameworks */ = {
			isa = PBXGroup;
			children = (
				9AC739D514EAEAB6000A57AD /* AppKit.framework */,
				9AC739D614EAEAB6000A57AD /* CoreData.framework */,
				9AC739D714EAEAB6000A57AD /* Foundation.framework */,
			);
			name = "Other Frameworks";
			sourceTree = "<group>";
		};
		9AC739D814EAEAB6000A57AD /* Perpetual */ = {
			isa = PBXGroup;
			children = (
				9A31AA3614EBF49F00382B2F /* metadataRetriever.h */,
				9A31AA3714EBF49F00382B2F /* metadataRetriever.m */,
				9AC739E414EAEAB6000A57AD /* AppDelegate.h */,
				9AC739E514EAEAB6000A57AD /* AppDelegate.m */,
				9AC739E714EAEAB6000A57AD /* MainMenu.xib */,
				9AC739D914EAEAB6000A57AD /* Supporting Files */,
			);
			name = Perpetual;
			sourceTree = "<group>";
		};
		9AC739D914EAEAB6000A57AD /* Supporting Files */ = {
			isa = PBXGroup;
			children = (
				9395B6AF14EB8D91002999D9 /* Podfile */,
				9A041EBC14EAEBA2009AC43F /* cover.jpg */,
				9AC739DE14EAEAB6000A57AD /* main.m */,
				9AC739E014EAEAB6000A57AD /* Prefix.pch */,
				9AC739DA14EAEAB6000A57AD /* Info.plist */,
				9AC739E114EAEAB6000A57AD /* Credits.rtf */,
				9AC739DB14EAEAB6000A57AD /* InfoPlist.strings */,
			);
			name = "Supporting Files";
			sourceTree = "<group>";
		};
/* End PBXGroup section */

/* Begin PBXNativeTarget section */
		9AC739CD14EAEAB6000A57AD /* Perpetual */ = {
			isa = PBXNativeTarget;
			buildConfigurationList = 9AC739EC14EAEAB6000A57AD /* Build configuration list for PBXNativeTarget "Perpetual" */;
			buildPhases = (
				9AC739CA14EAEAB6000A57AD /* Sources */,
				9AC739CB14EAEAB6000A57AD /* Frameworks */,
				9AC739CC14EAEAB6000A57AD /* Resources */,
				51F08C4914594861905B6EBE /* Copy Pods Resources */,
			);
			buildRules = (
			);
			dependencies = (
			);
			name = Perpetual;
			productName = Perpetual;
			productReference = 9AC739CE14EAEAB6000A57AD /* Perpetual.app */;
			productType = "com.apple.product-type.application";
		};
/* End PBXNativeTarget section */

/* Begin PBXProject section */
		9AC739C514EAEAB6000A57AD /* Project object */ = {
			isa = PBXProject;
			attributes = {
				LastUpgradeCheck = 0420;
				ORGANIZATIONNAME = "Afonso Wilsson";
			};
			buildConfigurationList = 9AC739C814EAEAB6000A57AD /* Build configuration list for PBXProject "Perpetual" */;
			compatibilityVersion = "Xcode 3.2";
			developmentRegion = English;
			hasScannedForEncodings = 0;
			knownRegions = (
				en,
			);
			mainGroup = 9AC739C314EAEAB6000A57AD;
			productRefGroup = 9AC739CF14EAEAB6000A57AD /* Products */;
			projectDirPath = "";
			projectRoot = "";
			targets = (
				9AC739CD14EAEAB6000A57AD /* Perpetual */,
			);
		};
/* End PBXProject section */

/* Begin PBXResourcesBuildPhase section */
		9AC739CC14EAEAB6000A57AD /* Resources */ = {
			isa = PBXResourcesBuildPhase;
			buildActionMask = 2147483647;
			files = (
				9AC739DD14EAEAB6000A57AD /* InfoPlist.strings in Resources */,
				9AC739E314EAEAB6000A57AD /* Credits.rtf in Resources */,
				9AC739E914EAEAB6000A57AD /* MainMenu.xib in Resources */,
				9A041EBD14EAEBA2009AC43F /* cover.jpg in Resources */,
				9395B6B014EB8D91002999D9 /* Podfile in Resources */,
			);
			runOnlyForDeploymentPostprocessing = 0;
		};
/* End PBXResourcesBuildPhase section */

/* Begin PBXShellScriptBuildPhase section */
		51F08C4914594861905B6EBE /* Copy Pods Resources */ = {
			isa = PBXShellScriptBuildPhase;
			buildActionMask = 2147483647;
			files = (
			);
			inputPaths = (
			);
			name = "Copy Pods Resources";
			outputPaths = (
			);
			runOnlyForDeploymentPostprocessing = 0;
			shellPath = /bin/sh;
			shellScript = "\"${SRCROOT}/Pods/Pods-resources.sh\"\n";
		};
/* End PBXShellScriptBuildPhase section */

/* Begin PBXSourcesBuildPhase section */
		9AC739CA14EAEAB6000A57AD /* Sources */ = {
			isa = PBXSourcesBuildPhase;
			buildActionMask = 2147483647;
			files = (
				9AC739DF14EAEAB6000A57AD /* main.m in Sources */,
				9AC739E614EAEAB6000A57AD /* AppDelegate.m in Sources */,
				9A31AA3814EBF49F00382B2F /* metadataRetriever.m in Sources */,
			);
			runOnlyForDeploymentPostprocessing = 0;
		};
/* End PBXSourcesBuildPhase section */

/* Begin PBXVariantGroup section */
		9AC739DB14EAEAB6000A57AD /* InfoPlist.strings */ = {
			isa = PBXVariantGroup;
			children = (
				9AC739DC14EAEAB6000A57AD /* en */,
			);
			name = InfoPlist.strings;
			sourceTree = "<group>";
		};
		9AC739E114EAEAB6000A57AD /* Credits.rtf */ = {
			isa = PBXVariantGroup;
			children = (
				9AC739E214EAEAB6000A57AD /* en */,
			);
			name = Credits.rtf;
			sourceTree = "<group>";
		};
		9AC739E714EAEAB6000A57AD /* MainMenu.xib */ = {
			isa = PBXVariantGroup;
			children = (
				9AC739E814EAEAB6000A57AD /* en */,
			);
			name = MainMenu.xib;
			sourceTree = "<group>";
		};
/* End PBXVariantGroup section */

/* Begin XCBuildConfiguration section */
		9AC739EA14EAEAB6000A57AD /* Debug */ = {
			isa = XCBuildConfiguration;
			buildSettings = {
				ALWAYS_SEARCH_USER_PATHS = NO;
				ARCHS = "$(ARCHS_STANDARD_64_BIT)";
				CLANG_ENABLE_OBJC_ARC = YES;
				COPY_PHASE_STRIP = NO;
				GCC_C_LANGUAGE_STANDARD = gnu99;
				GCC_DYNAMIC_NO_PIC = NO;
				GCC_ENABLE_OBJC_EXCEPTIONS = YES;
				GCC_OPTIMIZATION_LEVEL = 0;
				GCC_PREPROCESSOR_DEFINITIONS = (
					"DEBUG=1",
					"$(inherited)",
				);
				GCC_SYMBOLS_PRIVATE_EXTERN = NO;
				GCC_VERSION = com.apple.compilers.llvm.clang.1_0;
				GCC_WARN_64_TO_32_BIT_CONVERSION = YES;
				GCC_WARN_ABOUT_MISSING_PROTOTYPES = YES;
				GCC_WARN_ABOUT_RETURN_TYPE = YES;
				GCC_WARN_UNUSED_VARIABLE = YES;
				MACOSX_DEPLOYMENT_TARGET = 10.7;
				ONLY_ACTIVE_ARCH = YES;
				SDKROOT = macosx;
			};
			name = Debug;
		};
		9AC739EB14EAEAB6000A57AD /* Release */ = {
			isa = XCBuildConfiguration;
			buildSettings = {
				ALWAYS_SEARCH_USER_PATHS = NO;
				ARCHS = "$(ARCHS_STANDARD_64_BIT)";
				CLANG_ENABLE_OBJC_ARC = YES;
				COPY_PHASE_STRIP = YES;
				DEBUG_INFORMATION_FORMAT = "dwarf-with-dsym";
				GCC_C_LANGUAGE_STANDARD = gnu99;
				GCC_ENABLE_OBJC_EXCEPTIONS = YES;
				GCC_VERSION = com.apple.compilers.llvm.clang.1_0;
				GCC_WARN_64_TO_32_BIT_CONVERSION = YES;
				GCC_WARN_ABOUT_MISSING_PROTOTYPES = YES;
				GCC_WARN_ABOUT_RETURN_TYPE = YES;
				GCC_WARN_UNUSED_VARIABLE = YES;
				MACOSX_DEPLOYMENT_TARGET = 10.7;
				SDKROOT = macosx;
			};
			name = Release;
		};
		9AC739ED14EAEAB6000A57AD /* Debug */ = {
			isa = XCBuildConfiguration;
			baseConfigurationReference = DDB3CDEF03204F9F8C7160C4 /* Pods.xcconfig */;
			buildSettings = {
				DSTROOT = /tmp/xcodeproj.dst;
				GCC_PRECOMPILE_PREFIX_HEADER = YES;
				GCC_PREFIX_HEADER = Prefix.pch;
				GCC_VERSION = com.apple.compilers.llvm.clang.1_0;
				INFOPLIST_FILE = Info.plist;
				PRODUCT_NAME = "$(TARGET_NAME)";
				SKIP_INSTALL = YES;
				WRAPPER_EXTENSION = app;
			};
			name = Debug;
		};
		9AC739EE14EAEAB6000A57AD /* Release */ = {
			isa = XCBuildConfiguration;
			baseConfigurationReference = DDB3CDEF03204F9F8C7160C4 /* Pods.xcconfig */;
			buildSettings = {
				DSTROOT = /tmp/xcodeproj.dst;
				GCC_PRECOMPILE_PREFIX_HEADER = YES;
				GCC_PREFIX_HEADER = Prefix.pch;
				GCC_VERSION = com.apple.compilers.llvm.clang.1_0;
				INFOPLIST_FILE = Info.plist;
				PRODUCT_NAME = "$(TARGET_NAME)";
				SKIP_INSTALL = YES;
				WRAPPER_EXTENSION = app;
			};
			name = Release;
		};
/* End XCBuildConfiguration section */

/* Begin XCConfigurationList section */
		9AC739C814EAEAB6000A57AD /* Build configuration list for PBXProject "Perpetual" */ = {
			isa = XCConfigurationList;
			buildConfigurations = (
				9AC739EA14EAEAB6000A57AD /* Debug */,
				9AC739EB14EAEAB6000A57AD /* Release */,
			);
			defaultConfigurationIsVisible = 0;
			defaultConfigurationName = Release;
		};
		9AC739EC14EAEAB6000A57AD /* Build configuration list for PBXNativeTarget "Perpetual" */ = {
			isa = XCConfigurationList;
			buildConfigurations = (
				9AC739ED14EAEAB6000A57AD /* Debug */,
				9AC739EE14EAEAB6000A57AD /* Release */,
			);
			defaultConfigurationIsVisible = 0;
			defaultConfigurationName = Release;
		};
/* End XCConfigurationList section */
	};
	rootObject = 9AC739C514EAEAB6000A57AD /* Project object */;
}
