// !$*UTF8*$!
{
	archiveVersion = 1;
	classes = {
	};
	objectVersion = 46;
	objects = {

/* Begin PBXBuildFile section */
		307BADD914F04DEF0035E3AF /* WebKit.framework in Frameworks */ = {isa = PBXBuildFile; fileRef = 307BADD814F04DEF0035E3AF /* WebKit.framework */; };
		307BADDB14F04EA50035E3AF /* cover.html in Resources */ = {isa = PBXBuildFile; fileRef = 307BADDA14F04EA50035E3AF /* cover.html */; };
		351CA58DF08E43309D0C1A7C /* libPods.a in Frameworks */ = {isa = PBXBuildFile; fileRef = 4F63DF7AE63C4BFF97E85379 /* libPods.a */; settings = {ATTRIBUTES = (Required, ); }; };
		9309191514F07766000D82ED /* cover.css in Resources */ = {isa = PBXBuildFile; fileRef = 9309191414F07766000D82ED /* cover.css */; };
		9309192114F07F79000D82ED /* background.png in Resources */ = {isa = PBXBuildFile; fileRef = 9309192014F07F79000D82ED /* background.png */; };
		930FF938152058C800A0E797 /* PlaybackController.m in Sources */ = {isa = PBXBuildFile; fileRef = 930FF936152058C800A0E797 /* PlaybackController.m */; };
		931DC8701504B0D900D44887 /* NSColor+Hex.m in Sources */ = {isa = PBXBuildFile; fileRef = 931DC86F1504B0D900D44887 /* NSColor+Hex.m */; };
		9326B7B514F1A839009D451C /* AVFoundation.framework in Frameworks */ = {isa = PBXBuildFile; fileRef = 9326B7B414F1A839009D451C /* AVFoundation.framework */; };
		9337A03C151B2943004108FE /* PlayerFooterView.m in Sources */ = {isa = PBXBuildFile; fileRef = 9337A03B151B2943004108FE /* PlayerFooterView.m */; };
		9337A07A151C534A004108FE /* PlayerViewController.m in Sources */ = {isa = PBXBuildFile; fileRef = 9337A078151C534A004108FE /* PlayerViewController.m */; };
		9337A086151C53B3004108FE /* PlayerView.xib in Resources */ = {isa = PBXBuildFile; fileRef = 9337A084151C53B3004108FE /* PlayerView.xib */; };
		934181221512CDD2004A046C /* Perpetual.icns in Resources */ = {isa = PBXBuildFile; fileRef = 934181211512CDD2004A046C /* Perpetual.icns */; };
		9342AD23151AF63B00087073 /* DropZoneViewController.m in Sources */ = {isa = PBXBuildFile; fileRef = 9342AD21151AF63B00087073 /* DropZoneViewController.m */; };
		9342AD2A151B048400087073 /* DropZone.xib in Resources */ = {isa = PBXBuildFile; fileRef = 9342AD2C151B048400087073 /* DropZone.xib */; };
		9354E628151FD67E007B6E39 /* PlayerView.m in Sources */ = {isa = PBXBuildFile; fileRef = 9354E627151FD67D007B6E39 /* PlayerView.m */; };
		938212DF1503041E00EEBEC6 /* NSString+TimeConversion.m in Sources */ = {isa = PBXBuildFile; fileRef = 938212DE1503041E00EEBEC6 /* NSString+TimeConversion.m */; };
		9395B6AD14EB88A8002999D9 /* QuartzCore.framework in Frameworks */ = {isa = PBXBuildFile; fileRef = 9395B6AC14EB88A8002999D9 /* QuartzCore.framework */; };
		939EF98E14FCA1DA00CDBA32 /* Window.xib in Resources */ = {isa = PBXBuildFile; fileRef = 939EF99014FCA1DA00CDBA32 /* Window.xib */; };
		93A6238614F0B65200B907E3 /* NSString+base64.m in Sources */ = {isa = PBXBuildFile; fileRef = 93A6238514F0B65200B907E3 /* NSString+base64.m */; };
		93AB5696152067640033C6A7 /* DropHandlerView.m in Sources */ = {isa = PBXBuildFile; fileRef = 93AB5695152067640033C6A7 /* DropHandlerView.m */; };
		93AB569A152073460033C6A7 /* Constants.m in Sources */ = {isa = PBXBuildFile; fileRef = 93AB5699152073460033C6A7 /* Constants.m */; };
		93AE625D151B21DA0026F654 /* ColorGradientView.m in Sources */ = {isa = PBXBuildFile; fileRef = 93AE625C151B21DA0026F654 /* ColorGradientView.m */; };
		93B6278A1501E64100FFF08B /* MusicNoteTemplate.pdf in Resources */ = {isa = PBXBuildFile; fileRef = 93B627891501E64100FFF08B /* MusicNoteTemplate.pdf */; };
		93B6278C1501E72E00FFF08B /* BarGraphTemplate.pdf in Resources */ = {isa = PBXBuildFile; fileRef = 93B6278B1501E72E00FFF08B /* BarGraphTemplate.pdf */; };
		93B6278E1501E96100FFF08B /* InfinityTemplate.pdf in Resources */ = {isa = PBXBuildFile; fileRef = 93B6278D1501E96100FFF08B /* InfinityTemplate.pdf */; };
		93C0A97014FBA51C00D63507 /* WindowController.m in Sources */ = {isa = PBXBuildFile; fileRef = 93C0A96F14FBA51C00D63507 /* WindowController.m */; };
		93FC81DF14FE16F1004CE24F /* Track.m in Sources */ = {isa = PBXBuildFile; fileRef = 93FC81DE14FE16F1004CE24F /* Track.m */; };
		9A041EBD14EAEBA2009AC43F /* cover.jpg in Resources */ = {isa = PBXBuildFile; fileRef = 9A041EBC14EAEBA2009AC43F /* cover.jpg */; };
		9AC739D314EAEAB6000A57AD /* Cocoa.framework in Frameworks */ = {isa = PBXBuildFile; fileRef = 9AC739D214EAEAB6000A57AD /* Cocoa.framework */; };
		9AC739DD14EAEAB6000A57AD /* InfoPlist.strings in Resources */ = {isa = PBXBuildFile; fileRef = 9AC739DB14EAEAB6000A57AD /* InfoPlist.strings */; };
		9AC739DF14EAEAB6000A57AD /* main.m in Sources */ = {isa = PBXBuildFile; fileRef = 9AC739DE14EAEAB6000A57AD /* main.m */; };
		9AC739E314EAEAB6000A57AD /* Credits.rtf in Resources */ = {isa = PBXBuildFile; fileRef = 9AC739E114EAEAB6000A57AD /* Credits.rtf */; };
		9AC739E614EAEAB6000A57AD /* ApplicationController.m in Sources */ = {isa = PBXBuildFile; fileRef = 9AC739E514EAEAB6000A57AD /* ApplicationController.m */; };
		9AC739E914EAEAB6000A57AD /* Menu.xib in Resources */ = {isa = PBXBuildFile; fileRef = 9AC739E714EAEAB6000A57AD /* Menu.xib */; };
/* End PBXBuildFile section */

/* Begin PBXFileReference section */
		307BADD814F04DEF0035E3AF /* WebKit.framework */ = {isa = PBXFileReference; lastKnownFileType = wrapper.framework; name = WebKit.framework; path = System/Library/Frameworks/WebKit.framework; sourceTree = SDKROOT; };
		307BADDA14F04EA50035E3AF /* cover.html */ = {isa = PBXFileReference; fileEncoding = 4; lastKnownFileType = text.html; path = cover.html; sourceTree = "<group>"; };
		4F63DF7AE63C4BFF97E85379 /* libPods.a */ = {isa = PBXFileReference; explicitFileType = archive.ar; includeInIndex = 0; path = libPods.a; sourceTree = BUILT_PRODUCTS_DIR; };
		9309191414F07766000D82ED /* cover.css */ = {isa = PBXFileReference; fileEncoding = 4; lastKnownFileType = text.css; path = cover.css; sourceTree = "<group>"; };
		9309192014F07F79000D82ED /* background.png */ = {isa = PBXFileReference; lastKnownFileType = image.png; path = background.png; sourceTree = "<group>"; };
		930FF936152058C800A0E797 /* PlaybackController.m */ = {isa = PBXFileReference; fileEncoding = 4; lastKnownFileType = sourcecode.c.objc; path = PlaybackController.m; sourceTree = "<group>"; };
		930FF937152058C800A0E797 /* PlaybackController.h */ = {isa = PBXFileReference; fileEncoding = 4; lastKnownFileType = sourcecode.c.h; path = PlaybackController.h; sourceTree = "<group>"; };
		931DC86E1504B0D900D44887 /* NSColor+Hex.h */ = {isa = PBXFileReference; fileEncoding = 4; lastKnownFileType = sourcecode.c.h; path = "NSColor+Hex.h"; sourceTree = "<group>"; };
		931DC86F1504B0D900D44887 /* NSColor+Hex.m */ = {isa = PBXFileReference; fileEncoding = 4; lastKnownFileType = sourcecode.c.objc; path = "NSColor+Hex.m"; sourceTree = "<group>"; };
		9326B7B414F1A839009D451C /* AVFoundation.framework */ = {isa = PBXFileReference; lastKnownFileType = wrapper.framework; name = AVFoundation.framework; path = System/Library/Frameworks/AVFoundation.framework; sourceTree = SDKROOT; };
		9337A03A151B2943004108FE /* PlayerFooterView.h */ = {isa = PBXFileReference; fileEncoding = 4; lastKnownFileType = sourcecode.c.h; name = PlayerFooterView.h; path = Views/PlayerFooterView.h; sourceTree = "<group>"; };
		9337A03B151B2943004108FE /* PlayerFooterView.m */ = {isa = PBXFileReference; fileEncoding = 4; lastKnownFileType = sourcecode.c.objc; name = PlayerFooterView.m; path = Views/PlayerFooterView.m; sourceTree = "<group>"; };
		9337A077151C534A004108FE /* PlayerViewController.h */ = {isa = PBXFileReference; fileEncoding = 4; lastKnownFileType = sourcecode.c.h; path = PlayerViewController.h; sourceTree = "<group>"; };
		9337A078151C534A004108FE /* PlayerViewController.m */ = {isa = PBXFileReference; fileEncoding = 4; lastKnownFileType = sourcecode.c.objc; path = PlayerViewController.m; sourceTree = "<group>"; };
		9337A085151C53B3004108FE /* en */ = {isa = PBXFileReference; lastKnownFileType = file.xib; name = en; path = en.lproj/PlayerView.xib; sourceTree = SOURCE_ROOT; };
		934181211512CDD2004A046C /* Perpetual.icns */ = {isa = PBXFileReference; lastKnownFileType = image.icns; path = Perpetual.icns; sourceTree = "<group>"; };
		9342AD20151AF63B00087073 /* DropZoneViewController.h */ = {isa = PBXFileReference; fileEncoding = 4; lastKnownFileType = sourcecode.c.h; name = DropZoneViewController.h; path = Classes/Controllers/DropZoneViewController.h; sourceTree = SOURCE_ROOT; };
		9342AD21151AF63B00087073 /* DropZoneViewController.m */ = {isa = PBXFileReference; fileEncoding = 4; lastKnownFileType = sourcecode.c.objc; name = DropZoneViewController.m; path = Classes/Controllers/DropZoneViewController.m; sourceTree = SOURCE_ROOT; };
		9342AD2B151B048400087073 /* en */ = {isa = PBXFileReference; lastKnownFileType = file.xib; name = en; path = en.lproj/DropZone.xib; sourceTree = "<group>"; };
		9354E626151FD67D007B6E39 /* PlayerView.h */ = {isa = PBXFileReference; fileEncoding = 4; lastKnownFileType = sourcecode.c.h; name = PlayerView.h; path = Views/PlayerView.h; sourceTree = "<group>"; };
		9354E627151FD67D007B6E39 /* PlayerView.m */ = {isa = PBXFileReference; fileEncoding = 4; lastKnownFileType = sourcecode.c.objc; name = PlayerView.m; path = Views/PlayerView.m; sourceTree = "<group>"; };
		938212DD1503041E00EEBEC6 /* NSString+TimeConversion.h */ = {isa = PBXFileReference; fileEncoding = 4; lastKnownFileType = sourcecode.c.h; path = "NSString+TimeConversion.h"; sourceTree = "<group>"; };
		938212DE1503041E00EEBEC6 /* NSString+TimeConversion.m */ = {isa = PBXFileReference; fileEncoding = 4; lastKnownFileType = sourcecode.c.objc; path = "NSString+TimeConversion.m"; sourceTree = "<group>"; };
		9395B6AC14EB88A8002999D9 /* QuartzCore.framework */ = {isa = PBXFileReference; lastKnownFileType = wrapper.framework; name = QuartzCore.framework; path = System/Library/Frameworks/QuartzCore.framework; sourceTree = SDKROOT; };
		9395B6AF14EB8D91002999D9 /* Podfile */ = {isa = PBXFileReference; fileEncoding = 4; lastKnownFileType = text; path = Podfile; sourceTree = "<group>"; };
		939EF98F14FCA1DA00CDBA32 /* en */ = {isa = PBXFileReference; lastKnownFileType = file.xib; name = en; path = en.lproj/Window.xib; sourceTree = "<group>"; };
		93A6238414F0B65200B907E3 /* NSString+base64.h */ = {isa = PBXFileReference; fileEncoding = 4; lastKnownFileType = sourcecode.c.h; path = "NSString+base64.h"; sourceTree = "<group>"; };
		93A6238514F0B65200B907E3 /* NSString+base64.m */ = {isa = PBXFileReference; fileEncoding = 4; lastKnownFileType = sourcecode.c.objc; path = "NSString+base64.m"; sourceTree = "<group>"; };
		93AB5694152067640033C6A7 /* DropHandlerView.h */ = {isa = PBXFileReference; fileEncoding = 4; lastKnownFileType = sourcecode.c.h; name = DropHandlerView.h; path = Views/DropHandlerView.h; sourceTree = "<group>"; };
		93AB5695152067640033C6A7 /* DropHandlerView.m */ = {isa = PBXFileReference; fileEncoding = 4; lastKnownFileType = sourcecode.c.objc; name = DropHandlerView.m; path = Views/DropHandlerView.m; sourceTree = "<group>"; };
		93AB5698152073450033C6A7 /* Constants.h */ = {isa = PBXFileReference; fileEncoding = 4; lastKnownFileType = sourcecode.c.h; path = Constants.h; sourceTree = "<group>"; };
		93AB5699152073460033C6A7 /* Constants.m */ = {isa = PBXFileReference; fileEncoding = 4; lastKnownFileType = sourcecode.c.objc; path = Constants.m; sourceTree = "<group>"; };
		93AE625B151B21DA0026F654 /* ColorGradientView.h */ = {isa = PBXFileReference; fileEncoding = 4; lastKnownFileType = sourcecode.c.h; name = ColorGradientView.h; path = Views/ColorGradientView.h; sourceTree = "<group>"; };
		93AE625C151B21DA0026F654 /* ColorGradientView.m */ = {isa = PBXFileReference; fileEncoding = 4; lastKnownFileType = sourcecode.c.objc; name = ColorGradientView.m; path = Views/ColorGradientView.m; sourceTree = "<group>"; };
		93B627891501E64100FFF08B /* MusicNoteTemplate.pdf */ = {isa = PBXFileReference; lastKnownFileType = image.pdf; path = MusicNoteTemplate.pdf; sourceTree = "<group>"; };
		93B6278B1501E72E00FFF08B /* BarGraphTemplate.pdf */ = {isa = PBXFileReference; lastKnownFileType = image.pdf; path = BarGraphTemplate.pdf; sourceTree = "<group>"; };
		93B6278D1501E96100FFF08B /* InfinityTemplate.pdf */ = {isa = PBXFileReference; lastKnownFileType = image.pdf; path = InfinityTemplate.pdf; sourceTree = "<group>"; };
		93C0A96E14FBA51C00D63507 /* WindowController.h */ = {isa = PBXFileReference; fileEncoding = 4; lastKnownFileType = sourcecode.c.h; path = WindowController.h; sourceTree = "<group>"; };
		93C0A96F14FBA51C00D63507 /* WindowController.m */ = {isa = PBXFileReference; fileEncoding = 4; lastKnownFileType = sourcecode.c.objc; path = WindowController.m; sourceTree = "<group>"; };
		93FC81DD14FE16F1004CE24F /* Track.h */ = {isa = PBXFileReference; fileEncoding = 4; lastKnownFileType = sourcecode.c.h; path = Track.h; sourceTree = "<group>"; };
		93FC81DE14FE16F1004CE24F /* Track.m */ = {isa = PBXFileReference; fileEncoding = 4; lastKnownFileType = sourcecode.c.objc; path = Track.m; sourceTree = "<group>"; };
		9A041EBC14EAEBA2009AC43F /* cover.jpg */ = {isa = PBXFileReference; lastKnownFileType = image.jpeg; path = cover.jpg; sourceTree = "<group>"; };
		9A31AA3314EBF3FD00382B2F /* AudioToolbox.framework */ = {isa = PBXFileReference; lastKnownFileType = wrapper.framework; name = AudioToolbox.framework; path = System/Library/Frameworks/AudioToolbox.framework; sourceTree = SDKROOT; };
		9AC739CE14EAEAB6000A57AD /* Perpetual.app */ = {isa = PBXFileReference; explicitFileType = wrapper.application; includeInIndex = 0; path = Perpetual.app; sourceTree = BUILT_PRODUCTS_DIR; };
		9AC739D214EAEAB6000A57AD /* Cocoa.framework */ = {isa = PBXFileReference; lastKnownFileType = wrapper.framework; name = Cocoa.framework; path = System/Library/Frameworks/Cocoa.framework; sourceTree = SDKROOT; };
		9AC739D514EAEAB6000A57AD /* AppKit.framework */ = {isa = PBXFileReference; lastKnownFileType = wrapper.framework; name = AppKit.framework; path = System/Library/Frameworks/AppKit.framework; sourceTree = SDKROOT; };
		9AC739D614EAEAB6000A57AD /* CoreData.framework */ = {isa = PBXFileReference; lastKnownFileType = wrapper.framework; name = CoreData.framework; path = System/Library/Frameworks/CoreData.framework; sourceTree = SDKROOT; };
		9AC739D714EAEAB6000A57AD /* Foundation.framework */ = {isa = PBXFileReference; lastKnownFileType = wrapper.framework; name = Foundation.framework; path = System/Library/Frameworks/Foundation.framework; sourceTree = SDKROOT; };
		9AC739DA14EAEAB6000A57AD /* Info.plist */ = {isa = PBXFileReference; lastKnownFileType = text.plist.xml; path = Info.plist; sourceTree = "<group>"; };
		9AC739DC14EAEAB6000A57AD /* en */ = {isa = PBXFileReference; lastKnownFileType = text.plist.strings; name = en; path = en.lproj/InfoPlist.strings; sourceTree = "<group>"; };
		9AC739DE14EAEAB6000A57AD /* main.m */ = {isa = PBXFileReference; lastKnownFileType = sourcecode.c.objc; path = main.m; sourceTree = "<group>"; };
		9AC739E014EAEAB6000A57AD /* Prefix.pch */ = {isa = PBXFileReference; lastKnownFileType = sourcecode.c.h; path = Prefix.pch; sourceTree = "<group>"; };
		9AC739E214EAEAB6000A57AD /* en */ = {isa = PBXFileReference; lastKnownFileType = text.rtf; name = en; path = en.lproj/Credits.rtf; sourceTree = "<group>"; };
		9AC739E414EAEAB6000A57AD /* ApplicationController.h */ = {isa = PBXFileReference; lastKnownFileType = sourcecode.c.h; path = ApplicationController.h; sourceTree = "<group>"; };
		9AC739E514EAEAB6000A57AD /* ApplicationController.m */ = {isa = PBXFileReference; lastKnownFileType = sourcecode.c.objc; path = ApplicationController.m; sourceTree = "<group>"; };
		9AC739E814EAEAB6000A57AD /* en */ = {isa = PBXFileReference; lastKnownFileType = file.xib; name = en; path = en.lproj/Menu.xib; sourceTree = "<group>"; };
		9AE4EA5614EC59D6002EF094 /* QTKit.framework */ = {isa = PBXFileReference; lastKnownFileType = wrapper.framework; name = QTKit.framework; path = System/Library/Frameworks/QTKit.framework; sourceTree = SDKROOT; };
		DDB3CDEF03204F9F8C7160C4 /* Pods.xcconfig */ = {isa = PBXFileReference; lastKnownFileType = text.xcconfig; name = Pods.xcconfig; path = Pods/Pods.xcconfig; sourceTree = SOURCE_ROOT; };
/* End PBXFileReference section */

/* Begin PBXFrameworksBuildPhase section */
		9AC739CB14EAEAB6000A57AD /* Frameworks */ = {
			isa = PBXFrameworksBuildPhase;
			buildActionMask = 2147483647;
			files = (
				9326B7B514F1A839009D451C /* AVFoundation.framework in Frameworks */,
				9AC739D314EAEAB6000A57AD /* Cocoa.framework in Frameworks */,
				9395B6AD14EB88A8002999D9 /* QuartzCore.framework in Frameworks */,
				307BADD914F04DEF0035E3AF /* WebKit.framework in Frameworks */,
				351CA58DF08E43309D0C1A7C /* libPods.a in Frameworks */,
			);
			runOnlyForDeploymentPostprocessing = 0;
		};
/* End PBXFrameworksBuildPhase section */

/* Begin PBXGroup section */
		9309191E14F07F07000D82ED /* Assets */ = {
			isa = PBXGroup;
			children = (
				939EF99114FCA1E900CDBA32 /* NIBs */,
				93B6278F1501E9DC00FFF08B /* Templates */,
				93B627981501EA6D00FFF08B /* WebView */,
				934181211512CDD2004A046C /* Perpetual.icns */,
			);
			path = Assets;
			sourceTree = "<group>";
		};
		9394227515038D9200440F23 /* Models */ = {
			isa = PBXGroup;
			children = (
				93FC81DD14FE16F1004CE24F /* Track.h */,
				93FC81DE14FE16F1004CE24F /* Track.m */,
			);
			path = Models;
			sourceTree = "<group>";
		};
		9394227715038D9B00440F23 /* Controllers */ = {
			isa = PBXGroup;
			children = (
				9AC739E414EAEAB6000A57AD /* ApplicationController.h */,
				9AC739E514EAEAB6000A57AD /* ApplicationController.m */,
				9342AD20151AF63B00087073 /* DropZoneViewController.h */,
				9342AD21151AF63B00087073 /* DropZoneViewController.m */,
				930FF937152058C800A0E797 /* PlaybackController.h */,
				930FF936152058C800A0E797 /* PlaybackController.m */,
				9337A077151C534A004108FE /* PlayerViewController.h */,
				9337A078151C534A004108FE /* PlayerViewController.m */,
				93C0A96E14FBA51C00D63507 /* WindowController.h */,
				93C0A96F14FBA51C00D63507 /* WindowController.m */,
			);
			path = Controllers;
			sourceTree = "<group>";
		};
		939EF99114FCA1E900CDBA32 /* NIBs */ = {
			isa = PBXGroup;
			children = (
				9342AD2C151B048400087073 /* DropZone.xib */,
				9AC739E714EAEAB6000A57AD /* Menu.xib */,
				9337A084151C53B3004108FE /* PlayerView.xib */,
				939EF99014FCA1DA00CDBA32 /* Window.xib */,
			);
			name = NIBs;
			sourceTree = "<group>";
		};
		93A6238714F0BDC600B907E3 /* Categories */ = {
			isa = PBXGroup;
			children = (
				93A6238414F0B65200B907E3 /* NSString+base64.h */,
				93A6238514F0B65200B907E3 /* NSString+base64.m */,
				938212DD1503041E00EEBEC6 /* NSString+TimeConversion.h */,
				938212DE1503041E00EEBEC6 /* NSString+TimeConversion.m */,
				931DC86E1504B0D900D44887 /* NSColor+Hex.h */,
				931DC86F1504B0D900D44887 /* NSColor+Hex.m */,
			);
			path = Categories;
			sourceTree = "<group>";
		};
		93A623F714F0C88B00B907E3 /* Classes */ = {
			isa = PBXGroup;
			children = (
				9394227515038D9200440F23 /* Models */,
				93AE6259151B21B50026F654 /* Views */,
				9394227715038D9B00440F23 /* Controllers */,
				93AB5698152073450033C6A7 /* Constants.h */,
				93AB5699152073460033C6A7 /* Constants.m */,
			);
			path = Classes;
			sourceTree = "<group>";
		};
		93AE6259151B21B50026F654 /* Views */ = {
			isa = PBXGroup;
			children = (
				93AE625B151B21DA0026F654 /* ColorGradientView.h */,
				93AE625C151B21DA0026F654 /* ColorGradientView.m */,
				93AB5694152067640033C6A7 /* DropHandlerView.h */,
				93AB5695152067640033C6A7 /* DropHandlerView.m */,
				9337A03A151B2943004108FE /* PlayerFooterView.h */,
				9337A03B151B2943004108FE /* PlayerFooterView.m */,
				9354E626151FD67D007B6E39 /* PlayerView.h */,
				9354E627151FD67D007B6E39 /* PlayerView.m */,
			);
			name = Views;
			sourceTree = "<group>";
		};
		93B6278F1501E9DC00FFF08B /* Templates */ = {
			isa = PBXGroup;
			children = (
				93B6278B1501E72E00FFF08B /* BarGraphTemplate.pdf */,
				93B6278D1501E96100FFF08B /* InfinityTemplate.pdf */,
				93B627891501E64100FFF08B /* MusicNoteTemplate.pdf */,
			);
			path = Templates;
			sourceTree = "<group>";
		};
		93B627981501EA6D00FFF08B /* WebView */ = {
			isa = PBXGroup;
			children = (
				9309192014F07F79000D82ED /* background.png */,
				9309191414F07766000D82ED /* cover.css */,
				307BADDA14F04EA50035E3AF /* cover.html */,
				9A041EBC14EAEBA2009AC43F /* cover.jpg */,
			);
			path = WebView;
			sourceTree = "<group>";
		};
		9AC739C314EAEAB6000A57AD = {
			isa = PBXGroup;
			children = (
				9AC739D814EAEAB6000A57AD /* Perpetual */,
				9AC739D114EAEAB6000A57AD /* Frameworks */,
				9AC739CF14EAEAB6000A57AD /* Products */,
				DDB3CDEF03204F9F8C7160C4 /* Pods.xcconfig */,
			);
			sourceTree = "<group>";
			usesTabs = 0;
			wrapsLines = 0;
		};
		9AC739CF14EAEAB6000A57AD /* Products */ = {
			isa = PBXGroup;
			children = (
				9AC739CE14EAEAB6000A57AD /* Perpetual.app */,
			);
			name = Products;
			sourceTree = "<group>";
		};
		9AC739D114EAEAB6000A57AD /* Frameworks */ = {
			isa = PBXGroup;
			children = (
				9AC739D414EAEAB6000A57AD /* System Frameworks */,
				4F63DF7AE63C4BFF97E85379 /* libPods.a */,
			);
			name = Frameworks;
			sourceTree = "<group>";
		};
		9AC739D414EAEAB6000A57AD /* System Frameworks */ = {
			isa = PBXGroup;
			children = (
				9326B7B414F1A839009D451C /* AVFoundation.framework */,
				307BADD814F04DEF0035E3AF /* WebKit.framework */,
				9AC739D214EAEAB6000A57AD /* Cocoa.framework */,
				9AE4EA5614EC59D6002EF094 /* QTKit.framework */,
				9A31AA3314EBF3FD00382B2F /* AudioToolbox.framework */,
				9395B6AC14EB88A8002999D9 /* QuartzCore.framework */,
				9AC739D514EAEAB6000A57AD /* AppKit.framework */,
				9AC739D614EAEAB6000A57AD /* CoreData.framework */,
				9AC739D714EAEAB6000A57AD /* Foundation.framework */,
			);
			name = "System Frameworks";
			sourceTree = "<group>";
		};
		9AC739D814EAEAB6000A57AD /* Perpetual */ = {
			isa = PBXGroup;
			children = (
				9309191E14F07F07000D82ED /* Assets */,
				93A6238714F0BDC600B907E3 /* Categories */,
				93A623F714F0C88B00B907E3 /* Classes */,
				9AC739D914EAEAB6000A57AD /* Supporting Files */,
			);
			name = Perpetual;
			sourceTree = "<group>";
		};
		9AC739D914EAEAB6000A57AD /* Supporting Files */ = {
			isa = PBXGroup;
			children = (
				9AC739E114EAEAB6000A57AD /* Credits.rtf */,
				9AC739DA14EAEAB6000A57AD /* Info.plist */,
				9AC739DB14EAEAB6000A57AD /* InfoPlist.strings */,
				9AC739DE14EAEAB6000A57AD /* main.m */,
				9395B6AF14EB8D91002999D9 /* Podfile */,
				9AC739E014EAEAB6000A57AD /* Prefix.pch */,
			);
			name = "Supporting Files";
			sourceTree = "<group>";
		};
/* End PBXGroup section */

/* Begin PBXNativeTarget section */
		9AC739CD14EAEAB6000A57AD /* Perpetual */ = {
			isa = PBXNativeTarget;
			buildConfigurationList = 9AC739EC14EAEAB6000A57AD /* Build configuration list for PBXNativeTarget "Perpetual" */;
			buildPhases = (
				9AC739CA14EAEAB6000A57AD /* Sources */,
				9AC739CB14EAEAB6000A57AD /* Frameworks */,
				9AC739CC14EAEAB6000A57AD /* Resources */,
				51F08C4914594861905B6EBE /* Copy Pods Resources */,
			);
			buildRules = (
			);
			dependencies = (
			);
			name = Perpetual;
			productName = Perpetual;
			productReference = 9AC739CE14EAEAB6000A57AD /* Perpetual.app */;
			productType = "com.apple.product-type.application";
		};
/* End PBXNativeTarget section */

/* Begin PBXProject section */
		9AC739C514EAEAB6000A57AD /* Project object */ = {
			isa = PBXProject;
			attributes = {
				LastUpgradeCheck = 0430;
				ORGANIZATIONNAME = "Revyver, Inc.";
			};
			buildConfigurationList = 9AC739C814EAEAB6000A57AD /* Build configuration list for PBXProject "Perpetual" */;
			compatibilityVersion = "Xcode 3.2";
			developmentRegion = English;
			hasScannedForEncodings = 0;
			knownRegions = (
				en,
			);
			mainGroup = 9AC739C314EAEAB6000A57AD;
			productRefGroup = 9AC739CF14EAEAB6000A57AD /* Products */;
			projectDirPath = "";
			projectRoot = "";
			targets = (
				9AC739CD14EAEAB6000A57AD /* Perpetual */,
			);
		};
/* End PBXProject section */

/* Begin PBXResourcesBuildPhase section */
		9AC739CC14EAEAB6000A57AD /* Resources */ = {
			isa = PBXResourcesBuildPhase;
			buildActionMask = 2147483647;
			files = (
				9AC739DD14EAEAB6000A57AD /* InfoPlist.strings in Resources */,
				9AC739E314EAEAB6000A57AD /* Credits.rtf in Resources */,
				9AC739E914EAEAB6000A57AD /* Menu.xib in Resources */,
				9A041EBD14EAEBA2009AC43F /* cover.jpg in Resources */,
				307BADDB14F04EA50035E3AF /* cover.html in Resources */,
				9309191514F07766000D82ED /* cover.css in Resources */,
				9309192114F07F79000D82ED /* background.png in Resources */,
				939EF98E14FCA1DA00CDBA32 /* Window.xib in Resources */,
				93B6278A1501E64100FFF08B /* MusicNoteTemplate.pdf in Resources */,
				93B6278C1501E72E00FFF08B /* BarGraphTemplate.pdf in Resources */,
				93B6278E1501E96100FFF08B /* InfinityTemplate.pdf in Resources */,
				934181221512CDD2004A046C /* Perpetual.icns in Resources */,
				9342AD2A151B048400087073 /* DropZone.xib in Resources */,
				9337A086151C53B3004108FE /* PlayerView.xib in Resources */,
			);
			runOnlyForDeploymentPostprocessing = 0;
		};
/* End PBXResourcesBuildPhase section */

/* Begin PBXShellScriptBuildPhase section */
		51F08C4914594861905B6EBE /* Copy Pods Resources */ = {
			isa = PBXShellScriptBuildPhase;
			buildActionMask = 2147483647;
			files = (
			);
			inputPaths = (
			);
			name = "Copy Pods Resources";
			outputPaths = (
			);
			runOnlyForDeploymentPostprocessing = 0;
			shellPath = /bin/sh;
			shellScript = "\"${SRCROOT}/Pods/Pods-resources.sh\"\n";
		};
/* End PBXShellScriptBuildPhase section */

/* Begin PBXSourcesBuildPhase section */
		9AC739CA14EAEAB6000A57AD /* Sources */ = {
			isa = PBXSourcesBuildPhase;
			buildActionMask = 2147483647;
			files = (
				9AC739DF14EAEAB6000A57AD /* main.m in Sources */,
				9AC739E614EAEAB6000A57AD /* ApplicationController.m in Sources */,
				93A6238614F0B65200B907E3 /* NSString+base64.m in Sources */,
				93C0A97014FBA51C00D63507 /* WindowController.m in Sources */,
				93FC81DF14FE16F1004CE24F /* Track.m in Sources */,
				938212DF1503041E00EEBEC6 /* NSString+TimeConversion.m in Sources */,
				931DC8701504B0D900D44887 /* NSColor+Hex.m in Sources */,
				9342AD23151AF63B00087073 /* DropZoneViewController.m in Sources */,
				93AE625D151B21DA0026F654 /* ColorGradientView.m in Sources */,
				9337A03C151B2943004108FE /* PlayerFooterView.m in Sources */,
				9337A07A151C534A004108FE /* PlayerViewController.m in Sources */,
				9354E628151FD67E007B6E39 /* PlayerView.m in Sources */,
				930FF938152058C800A0E797 /* PlaybackController.m in Sources */,
				93AB5696152067640033C6A7 /* DropHandlerView.m in Sources */,
				93AB569A152073460033C6A7 /* Constants.m in Sources */,
			);
			runOnlyForDeploymentPostprocessing = 0;
		};
/* End PBXSourcesBuildPhase section */

/* Begin PBXVariantGroup section */
		9337A084151C53B3004108FE /* PlayerView.xib */ = {
			isa = PBXVariantGroup;
			children = (
				9337A085151C53B3004108FE /* en */,
			);
			name = PlayerView.xib;
			sourceTree = "<group>";
		};
		9342AD2C151B048400087073 /* DropZone.xib */ = {
			isa = PBXVariantGroup;
			children = (
				9342AD2B151B048400087073 /* en */,
			);
			name = DropZone.xib;
			path = ..;
			sourceTree = "<group>";
		};
		939EF99014FCA1DA00CDBA32 /* Window.xib */ = {
			isa = PBXVariantGroup;
			children = (
				939EF98F14FCA1DA00CDBA32 /* en */,
			);
			name = Window.xib;
			path = ..;
			sourceTree = "<group>";
		};
		9AC739DB14EAEAB6000A57AD /* InfoPlist.strings */ = {
			isa = PBXVariantGroup;
			children = (
				9AC739DC14EAEAB6000A57AD /* en */,
			);
			name = InfoPlist.strings;
			sourceTree = "<group>";
		};
		9AC739E114EAEAB6000A57AD /* Credits.rtf */ = {
			isa = PBXVariantGroup;
			children = (
				9AC739E214EAEAB6000A57AD /* en */,
			);
			name = Credits.rtf;
			sourceTree = "<group>";
		};
		9AC739E714EAEAB6000A57AD /* Menu.xib */ = {
			isa = PBXVariantGroup;
			children = (
				9AC739E814EAEAB6000A57AD /* en */,
			);
			name = Menu.xib;
			path = ..;
			sourceTree = "<group>";
		};
/* End PBXVariantGroup section */

/* Begin XCBuildConfiguration section */
		9AC739EA14EAEAB6000A57AD /* Debug */ = {
			isa = XCBuildConfiguration;
			buildSettings = {
				ALWAYS_SEARCH_USER_PATHS = NO;
				ARCHS = "$(ARCHS_STANDARD_64_BIT)";
				CLANG_ENABLE_OBJC_ARC = YES;
				COPY_PHASE_STRIP = NO;
				GCC_C_LANGUAGE_STANDARD = gnu99;
				GCC_DYNAMIC_NO_PIC = NO;
				GCC_ENABLE_OBJC_EXCEPTIONS = YES;
				GCC_OPTIMIZATION_LEVEL = 0;
				GCC_PREPROCESSOR_DEFINITIONS = (
					"DEBUG=1",
					"$(inherited)",
				);
				GCC_SYMBOLS_PRIVATE_EXTERN = NO;
				GCC_VERSION = com.apple.compilers.llvm.clang.1_0;
				GCC_WARN_64_TO_32_BIT_CONVERSION = YES;
				GCC_WARN_ABOUT_MISSING_PROTOTYPES = YES;
				GCC_WARN_ABOUT_RETURN_TYPE = YES;
				GCC_WARN_UNUSED_VARIABLE = YES;
				MACOSX_DEPLOYMENT_TARGET = 10.7;
				ONLY_ACTIVE_ARCH = YES;
				SDKROOT = macosx;
			};
			name = Debug;
		};
		9AC739EB14EAEAB6000A57AD /* Release */ = {
			isa = XCBuildConfiguration;
			buildSettings = {
				ALWAYS_SEARCH_USER_PATHS = NO;
				ARCHS = "$(ARCHS_STANDARD_64_BIT)";
				CLANG_ENABLE_OBJC_ARC = YES;
				COPY_PHASE_STRIP = YES;
				DEBUG_INFORMATION_FORMAT = "dwarf-with-dsym";
				GCC_C_LANGUAGE_STANDARD = gnu99;
				GCC_ENABLE_OBJC_EXCEPTIONS = YES;
				GCC_VERSION = com.apple.compilers.llvm.clang.1_0;
				GCC_WARN_64_TO_32_BIT_CONVERSION = YES;
				GCC_WARN_ABOUT_MISSING_PROTOTYPES = YES;
				GCC_WARN_ABOUT_RETURN_TYPE = YES;
				GCC_WARN_UNUSED_VARIABLE = YES;
				MACOSX_DEPLOYMENT_TARGET = 10.7;
				SDKROOT = macosx;
			};
			name = Release;
		};
		9AC739ED14EAEAB6000A57AD /* Debug */ = {
			isa = XCBuildConfiguration;
			baseConfigurationReference = DDB3CDEF03204F9F8C7160C4 /* Pods.xcconfig */;
			buildSettings = {
				CODE_SIGN_IDENTITY = "Mac Developer";
				DSTROOT = /tmp/xcodeproj.dst;
				GCC_PRECOMPILE_PREFIX_HEADER = YES;
				GCC_PREFIX_HEADER = Prefix.pch;
				GCC_VERSION = "";
				INFOPLIST_FILE = Info.plist;
				PRODUCT_NAME = "$(TARGET_NAME)";
				SKIP_INSTALL = YES;
				WRAPPER_EXTENSION = app;
			};
			name = Debug;
		};
		9AC739EE14EAEAB6000A57AD /* Release */ = {
			isa = XCBuildConfiguration;
			baseConfigurationReference = DDB3CDEF03204F9F8C7160C4 /* Pods.xcconfig */;
			buildSettings = {
				CODE_SIGN_IDENTITY = "Mac Developer";
				DSTROOT = /tmp/xcodeproj.dst;
				GCC_PRECOMPILE_PREFIX_HEADER = YES;
				GCC_PREFIX_HEADER = Prefix.pch;
				GCC_VERSION = "";
				INFOPLIST_FILE = Info.plist;
				PRODUCT_NAME = "$(TARGET_NAME)";
				SKIP_INSTALL = YES;
				WRAPPER_EXTENSION = app;
			};
			name = Release;
		};
/* End XCBuildConfiguration section */

/* Begin XCConfigurationList section */
		9AC739C814EAEAB6000A57AD /* Build configuration list for PBXProject "Perpetual" */ = {
			isa = XCConfigurationList;
			buildConfigurations = (
				9AC739EA14EAEAB6000A57AD /* Debug */,
				9AC739EB14EAEAB6000A57AD /* Release */,
			);
			defaultConfigurationIsVisible = 0;
			defaultConfigurationName = Release;
		};
		9AC739EC14EAEAB6000A57AD /* Build configuration list for PBXNativeTarget "Perpetual" */ = {
			isa = XCConfigurationList;
			buildConfigurations = (
				9AC739ED14EAEAB6000A57AD /* Debug */,
				9AC739EE14EAEAB6000A57AD /* Release */,
			);
			defaultConfigurationIsVisible = 0;
			defaultConfigurationName = Release;
		};
/* End XCConfigurationList section */
	};
	rootObject = 9AC739C514EAEAB6000A57AD /* Project object */;
}
